
Microsoft Visual Studio Solution File, Format Version 12.00
# Visual Studio 14
VisualStudioVersion = 14.0.25123.0
MinimumVisualStudioVersion = 10.0.40219.1
Project("{FAE04EC0-301F-11D3-BF4B-00C04F79EFBC}") = "WindowsFormsApplication1", "WindowsFormsApplication1\WindowsFormsApplication1.csproj", "{A0958E3A-4F0E-4E39-B3A4-6CDB212537BF}"
EndProject
Global
	GlobalSection(SolutionConfigurationPlatforms) = preSolution
		Debug|Any CPU = Debug|Any CPU
		Release|Any CPU = Release|Any CPU
	EndGlobalSection
	GlobalSection(ProjectConfigurationPlatforms) = postSolution
		{A0958E3A-4F0E-4E39-B3A4-6CDB212537BF}.Debug|Any CPU.ActiveCfg = Debug|Any CPU
		{A0958E3A-4F0E-4E39-B3A4-6CDB212537BF}.Debug|Any CPU.Build.0 = Debug|Any CPU
		{A0958E3A-4F0E-4E39-B3A4-6CDB212537BF}.Release|Any CPU.ActiveCfg = Release|Any CPU
		{A0958E3A-4F0E-4E39-B3A4-6CDB212537BF}.Release|Any CPU.Build.0 = Release|Any CPU
	EndGlobalSection
	GlobalSection(SolutionProperties) = preSolution
		HideSolutionNode = FALSE
	EndGlobalSection
EndGlobal
